{
  "object": {
    "pins": [
      {
        "package": "TiledKit",
        "repositoryURL": "https://github.com/SwiftStudies/TiledKit",
        "state": {
          "branch": null,
          "revision": "5cfed430ec803d0f885a656eb02d3c5d4a9c2a37",
          "version": "0.5.11"
        }
      },
      {
        "package": "XMLCoder",
        "repositoryURL": "https://github.com/MaxDesiatov/XMLCoder.git",
        "state": {
          "branch": null,
          "revision": "ac411bd6ab342780be0dfe6f679410f791d751d9",
          "version": "0.11.1"
        }
      }
    ]
  },
  "version": 1
}
